
Microsoft Visual Studio Solution File, Format Version 12.00
Project("{FAE04EC0-301F-11D3-BF4B-00C04F79EFBC}") = "GaragePRO", "GaragePRO.csproj", "{AFABDC60-3C75-4B02-8412-A1CD3B3F91B0}"
EndProject
Global
	GlobalSection(SolutionConfigurationPlatforms) = preSolution
		Debug|Any CPU = Debug|Any CPU
		Release|Any CPU = Release|Any CPU
	EndGlobalSection
	GlobalSection(ProjectConfigurationPlatforms) = postSolution
		{AFABDC60-3C75-4B02-8412-A1CD3B3F91B0}.Debug|Any CPU.ActiveCfg = Debug|Any CPU
		{AFABDC60-3C75-4B02-8412-A1CD3B3F91B0}.Debug|Any CPU.Build.0 = Debug|Any CPU
		{AFABDC60-3C75-4B02-8412-A1CD3B3F91B0}.Release|Any CPU.ActiveCfg = Release|Any CPU
		{AFABDC60-3C75-4B02-8412-A1CD3B3F91B0}.Release|Any CPU.Build.0 = Release|Any CPU
	EndGlobalSection
EndGlobal
